// !$*UTF8*$!
{
	archiveVersion = 1;
	classes = {
	};
	objectVersion = 46;
	objects = {

/* Begin PBXBuildFile section */
		395DFD051E50667400D9DF1E /* main.m in Sources */ = {isa = PBXBuildFile; fileRef = 395DFD041E50667400D9DF1E /* main.m */; };
		395DFD081E50667400D9DF1E /* AppDelegate.m in Sources */ = {isa = PBXBuildFile; fileRef = 395DFD071E50667400D9DF1E /* AppDelegate.m */; };
		395DFD0A1E50667400D9DF1E /* Assets.xcassets in Resources */ = {isa = PBXBuildFile; fileRef = 395DFD091E50667400D9DF1E /* Assets.xcassets */; };
		395DFD0D1E50667400D9DF1E /* LaunchScreen.storyboard in Resources */ = {isa = PBXBuildFile; fileRef = 395DFD0B1E50667400D9DF1E /* LaunchScreen.storyboard */; };
/* End PBXBuildFile section */

/* Begin PBXFileReference section */
		395DFD001E50667400D9DF1E /* TencentIM_RAC.app */ = {isa = PBXFileReference; explicitFileType = wrapper.application; includeInIndex = 0; path = TencentIM_RAC.app; sourceTree = BUILT_PRODUCTS_DIR; };
		395DFD041E50667400D9DF1E /* main.m */ = {isa = PBXFileReference; lastKnownFileType = sourcecode.c.objc; path = main.m; sourceTree = "<group>"; };
		395DFD061E50667400D9DF1E /* AppDelegate.h */ = {isa = PBXFileReference; lastKnownFileType = sourcecode.c.h; path = AppDelegate.h; sourceTree = "<group>"; };
		395DFD071E50667400D9DF1E /* AppDelegate.m */ = {isa = PBXFileReference; lastKnownFileType = sourcecode.c.objc; path = AppDelegate.m; sourceTree = "<group>"; };
		395DFD091E50667400D9DF1E /* Assets.xcassets */ = {isa = PBXFileReference; lastKnownFileType = folder.assetcatalog; path = Assets.xcassets; sourceTree = "<group>"; };
		395DFD0C1E50667400D9DF1E /* Base */ = {isa = PBXFileReference; lastKnownFileType = file.storyboard; name = Base; path = Base.lproj/LaunchScreen.storyboard; sourceTree = "<group>"; };
		395DFD0E1E50667400D9DF1E /* Info.plist */ = {isa = PBXFileReference; lastKnownFileType = text.plist.xml; path = Info.plist; sourceTree = "<group>"; };
/* End PBXFileReference section */

/* Begin PBXFrameworksBuildPhase section */
		395DFCFD1E50667400D9DF1E /* Frameworks */ = {
			isa = PBXFrameworksBuildPhase;
			buildActionMask = 2147483647;
			files = (
			);
			runOnlyForDeploymentPostprocessing = 0;
		};
/* End PBXFrameworksBuildPhase section */

/* Begin PBXGroup section */
		395DFCF71E50667400D9DF1E = {
			isa = PBXGroup;
			children = (
				395DFD021E50667400D9DF1E /* TencentIM_RAC */,
				395DFD011E50667400D9DF1E /* Products */,
			);
			sourceTree = "<group>";
		};
		395DFD011E50667400D9DF1E /* Products */ = {
			isa = PBXGroup;
			children = (
				395DFD001E50667400D9DF1E /* TencentIM_RAC.app */,
			);
			name = Products;
			sourceTree = "<group>";
		};
		395DFD021E50667400D9DF1E /* TencentIM_RAC */ = {
			isa = PBXGroup;
			children = (
				395DFD061E50667400D9DF1E /* AppDelegate.h */,
				395DFD071E50667400D9DF1E /* AppDelegate.m */,
				395DFD091E50667400D9DF1E /* Assets.xcassets */,
				395DFD0B1E50667400D9DF1E /* LaunchScreen.storyboard */,
				395DFD0E1E50667400D9DF1E /* Info.plist */,
				395DFD031E50667400D9DF1E /* Supporting Files */,
			);
			path = TencentIM_RAC;
			sourceTree = "<group>";
		};
		395DFD031E50667400D9DF1E /* Supporting Files */ = {
			isa = PBXGroup;
			children = (
				395DFD041E50667400D9DF1E /* main.m */,
			);
			name = "Supporting Files";
			sourceTree = "<group>";
		};
/* End PBXGroup section */

/* Begin PBXNativeTarget section */
		395DFCFF1E50667400D9DF1E /* TencentIM_RAC */ = {
			isa = PBXNativeTarget;
			buildConfigurationList = 395DFD111E50667400D9DF1E /* Build configuration list for PBXNativeTarget "TencentIM_RAC" */;
			buildPhases = (
				395DFCFC1E50667400D9DF1E /* Sources */,
				395DFCFD1E50667400D9DF1E /* Frameworks */,
				395DFCFE1E50667400D9DF1E /* Resources */,
			);
			buildRules = (
			);
			dependencies = (
			);
			name = TencentIM_RAC;
			productName = TencentIM_RAC;
			productReference = 395DFD001E50667400D9DF1E /* TencentIM_RAC.app */;
			productType = "com.apple.product-type.application";
		};
/* End PBXNativeTarget section */

/* Begin PBXProject section */
		395DFCF81E50667400D9DF1E /* Project object */ = {
			isa = PBXProject;
			attributes = {
				LastUpgradeCheck = 0820;
				ORGANIZATIONNAME = "赵海伟";
				TargetAttributes = {
					395DFCFF1E50667400D9DF1E = {
						CreatedOnToolsVersion = 8.2.1;
						ProvisioningStyle = Automatic;
					};
				};
			};
			buildConfigurationList = 395DFCFB1E50667400D9DF1E /* Build configuration list for PBXProject "TencentIM_RAC" */;
			compatibilityVersion = "Xcode 3.2";
			developmentRegion = English;
			hasScannedForEncodings = 0;
			knownRegions = (
				en,
				Base,
			);
			mainGroup = 395DFCF71E50667400D9DF1E;
			productRefGroup = 395DFD011E50667400D9DF1E /* Products */;
			projectDirPath = "";
			projectRoot = "";
			targets = (
				395DFCFF1E50667400D9DF1E /* TencentIM_RAC */,
			);
		};
/* End PBXProject section */

/* Begin PBXResourcesBuildPhase section */
		395DFCFE1E50667400D9DF1E /* Resources */ = {
			isa = PBXResourcesBuildPhase;
			buildActionMask = 2147483647;
			files = (
				395DFD0A1E50667400D9DF1E /* Assets.xcassets in Resources */,
				395DFD0D1E50667400D9DF1E /* LaunchScreen.storyboard in Resources */,
			);
			runOnlyForDeploymentPostprocessing = 0;
		};
/* End PBXResourcesBuildPhase section */

/* Begin PBXSourcesBuildPhase section */
		395DFCFC1E50667400D9DF1E /* Sources */ = {
			isa = PBXSourcesBuildPhase;
			buildActionMask = 2147483647;
			files = (
				395DFD081E50667400D9DF1E /* AppDelegate.m in Sources */,
				395DFD051E50667400D9DF1E /* main.m in Sources */,
			);
			runOnlyForDeploymentPostprocessing = 0;
		};
/* End PBXSourcesBuildPhase section */

/* Begin PBXVariantGroup section */
		395DFD0B1E50667400D9DF1E /* LaunchScreen.storyboard */ = {
			isa = PBXVariantGroup;
			children = (
				395DFD0C1E50667400D9DF1E /* Base */,
			);
			name = LaunchScreen.storyboard;
			sourceTree = "<group>";
		};
/* End PBXVariantGroup section */

/* Begin XCBuildConfiguration section */
		395DFD0F1E50667400D9DF1E /* Debug */ = {
			isa = XCBuildConfiguration;
			buildSettings = {
				ALWAYS_SEARCH_USER_PATHS = NO;
				CLANG_ANALYZER_NONNULL = YES;
				CLANG_CXX_LANGUAGE_STANDARD = "gnu++0x";
				CLANG_CXX_LIBRARY = "libc++";
				CLANG_ENABLE_MODULES = YES;
				CLANG_ENABLE_OBJC_ARC = YES;
				CLANG_WARN_BOOL_CONVERSION = YES;
				CLANG_WARN_CONSTANT_CONVERSION = YES;
				CLANG_WARN_DIRECT_OBJC_ISA_USAGE = YES_ERROR;
				CLANG_WARN_DOCUMENTATION_COMMENTS = YES;
				CLANG_WARN_EMPTY_BODY = YES;
				CLANG_WARN_ENUM_CONVERSION = YES;
				CLANG_WARN_INFINITE_RECURSION = YES;
				CLANG_WARN_INT_CONVERSION = YES;
				CLANG_WARN_OBJC_ROOT_CLASS = YES_ERROR;
				CLANG_WARN_SUSPICIOUS_MOVE = YES;
				CLANG_WARN_UNREACHABLE_CODE = YES;
				CLANG_WARN__DUPLICATE_METHOD_MATCH = YES;
				"CODE_SIGN_IDENTITY[sdk=iphoneos*]" = "iPhone Developer";
				COPY_PHASE_STRIP = NO;
				DEBUG_INFORMATION_FORMAT = dwarf;
				ENABLE_STRICT_OBJC_MSGSEND = YES;
				ENABLE_TESTABILITY = YES;
				GCC_C_LANGUAGE_STANDARD = gnu99;
				GCC_DYNAMIC_NO_PIC = NO;
				GCC_NO_COMMON_BLOCKS = YES;
				GCC_OPTIMIZATION_LEVEL = 0;
				GCC_PREPROCESSOR_DEFINITIONS = (
					"DEBUG=1",
					"$(inherited)",
				);
				GCC_WARN_64_TO_32_BIT_CONVERSION = YES;
				GCC_WARN_ABOUT_RETURN_TYPE = YES_ERROR;
				GCC_WARN_UNDECLARED_SELECTOR = YES;
				GCC_WARN_UNINITIALIZED_AUTOS = YES_AGGRESSIVE;
				GCC_WARN_UNUSED_FUNCTION = YES;
				GCC_WARN_UNUSED_VARIABLE = YES;
				IPHONEOS_DEPLOYMENT_TARGET = 10.2;
				MTL_ENABLE_DEBUG_INFO = YES;
				ONLY_ACTIVE_ARCH = YES;
				SDKROOT = iphoneos;
				TARGETED_DEVICE_FAMILY = "1,2";
			};
			name = Debug;
		};
		395DFD101E50667400D9DF1E /* Release */ = {
			isa = XCBuildConfiguration;
			buildSettings = {
				ALWAYS_SEARCH_USER_PATHS = NO;
				CLANG_ANALYZER_NONNULL = YES;
				CLANG_CXX_LANGUAGE_STANDARD = "gnu++0x";
				CLANG_CXX_LIBRARY = "libc++";
				CLANG_ENABLE_MODULES = YES;
				CLANG_ENABLE_OBJC_ARC = YES;
				CLANG_WARN_BOOL_CONVERSION = YES;
				CLANG_WARN_CONSTANT_CONVERSION = YES;
				CLANG_WARN_DIRECT_OBJC_ISA_USAGE = YES_ERROR;
				CLANG_WARN_DOCUMENTATION_COMMENTS = YES;
				CLANG_WARN_EMPTY_BODY = YES;
				CLANG_WARN_ENUM_CONVERSION = YES;
				CLANG_WARN_INFINITE_RECURSION = YES;
				CLANG_WARN_INT_CONVERSION = YES;
				CLANG_WARN_OBJC_ROOT_CLASS = YES_ERROR;
				CLANG_WARN_SUSPICIOUS_MOVE = YES;
				CLANG_WARN_UNREACHABLE_CODE = YES;
				CLANG_WARN__DUPLICATE_METHOD_MATCH = YES;
				"CODE_SIGN_IDENTITY[sdk=iphoneos*]" = "iPhone Developer";
				COPY_PHASE_STRIP = NO;
				DEBUG_INFORMATION_FORMAT = "dwarf-with-dsym";
				ENABLE_NS_ASSERTIONS = NO;
				ENABLE_STRICT_OBJC_MSGSEND = YES;
				GCC_C_LANGUAGE_STANDARD = gnu99;
				GCC_NO_COMMON_BLOCKS = YES;
				GCC_WARN_64_TO_32_BIT_CONVERSION = YES;
				GCC_WARN_ABOUT_RETURN_TYPE = YES_ERROR;
				GCC_WARN_UNDECLARED_SELECTOR = YES;
				GCC_WARN_UNINITIALIZED_AUTOS = YES_AGGRESSIVE;
				GCC_WARN_UNUSED_FUNCTION = YES;
				GCC_WARN_UNUSED_VARIABLE = YES;
				IPHONEOS_DEPLOYMENT_TARGET = 10.2;
				MTL_ENABLE_DEBUG_INFO = NO;
				SDKROOT = iphoneos;
				TARGETED_DEVICE_FAMILY = "1,2";
				VALIDATE_PRODUCT = YES;
			};
			name = Release;
		};
		395DFD121E50667400D9DF1E /* Debug */ = {
			isa = XCBuildConfiguration;
			buildSettings = {
				ASSETCATALOG_COMPILER_APPICON_NAME = AppIcon;
				INFOPLIST_FILE = TencentIM_RAC/Info.plist;
				LD_RUNPATH_SEARCH_PATHS = "$(inherited) @executable_path/Frameworks";
				PRODUCT_BUNDLE_IDENTIFIER = "com.zhaohaiw.macbook.TencentIM-RAC";
				PRODUCT_NAME = "$(TARGET_NAME)";
			};
			name = Debug;
		};
		395DFD131E50667400D9DF1E /* Release */ = {
			isa = XCBuildConfiguration;
			buildSettings = {
				ASSETCATALOG_COMPILER_APPICON_NAME = AppIcon;
				INFOPLIST_FILE = TencentIM_RAC/Info.plist;
				LD_RUNPATH_SEARCH_PATHS = "$(inherited) @executable_path/Frameworks";
				PRODUCT_BUNDLE_IDENTIFIER = "com.zhaohaiw.macbook.TencentIM-RAC";
				PRODUCT_NAME = "$(TARGET_NAME)";
			};
			name = Release;
		};
/* End XCBuildConfiguration section */

/* Begin XCConfigurationList section */
		395DFCFB1E50667400D9DF1E /* Build configuration list for PBXProject "TencentIM_RAC" */ = {
			isa = XCConfigurationList;
			buildConfigurations = (
				395DFD0F1E50667400D9DF1E /* Debug */,
				395DFD101E50667400D9DF1E /* Release */,
			);
			defaultConfigurationIsVisible = 0;
			defaultConfigurationName = Release;
		};
		395DFD111E50667400D9DF1E /* Build configuration list for PBXNativeTarget "TencentIM_RAC" */ = {
			isa = XCConfigurationList;
			buildConfigurations = (
				395DFD121E50667400D9DF1E /* Debug */,
				395DFD131E50667400D9DF1E /* Release */,
			);
			defaultConfigurationIsVisible = 0;
		};
/* End XCConfigurationList section */
	};
	rootObject = 395DFCF81E50667400D9DF1E /* Project object */;
}
